
Microsoft Visual Studio Solution File, Format Version 11.00
# Visual Studio 2010
Project("{FAE04EC0-301F-11D3-BF4B-00C04F79EFBC}") = "Resonance", "Resonance\Resonance\Resonance.csproj", "{6D27F8A9-A097-4912-BD53-04BD3B739584}"
EndProject
Project("{FAE04EC0-301F-11D3-BF4B-00C04F79EFBC}") = "ResonanceContent", "Resonance\ResonanceContent\ResonanceContent.contentproj", "{AFD27F02-EB50-48B7-8DAE-B7D1BC6AEBA4}"
EndProject
Project("{FAE04EC0-301F-11D3-BF4B-00C04F79EFBC}") = "Windows Copy of Resonance", "Resonance\Resonance\Windows Copy of Resonance.csproj", "{88512423-55AA-4EEA-8F0B-844C7E9E5DEB}"
EndProject
Project("{FAE04EC0-301F-11D3-BF4B-00C04F79EFBC}") = "Level editor", "Level editor\Level editor.csproj", "{9C19B860-D2F8-4BBF-B1AC-89CB6A1205A9}"
EndProject
Project("{FAE04EC0-301F-11D3-BF4B-00C04F79EFBC}") = "ResonanceLibrary", "ResonanceLibrary\ResonanceLibrary.csproj", "{9EE287E9-5FB8-49D0-B8AD-D2D29D8FD15D}"
EndProject
Global
	GlobalSection(SubversionScc) = preSolution
		Svn-Managed = True
		Manager = AnkhSVN - Subversion Support for Visual Studio
	EndGlobalSection
	GlobalSection(SolutionConfigurationPlatforms) = preSolution
		Debug|Mixed Platforms = Debug|Mixed Platforms
		Debug|x86 = Debug|x86
		Debug|Xbox 360 = Debug|Xbox 360
		Release|Mixed Platforms = Release|Mixed Platforms
		Release|x86 = Release|x86
		Release|Xbox 360 = Release|Xbox 360
	EndGlobalSection
	GlobalSection(ProjectConfigurationPlatforms) = postSolution
		{6D27F8A9-A097-4912-BD53-04BD3B739584}.Debug|Mixed Platforms.ActiveCfg = Debug|Xbox 360
		{6D27F8A9-A097-4912-BD53-04BD3B739584}.Debug|Mixed Platforms.Build.0 = Debug|Xbox 360
		{6D27F8A9-A097-4912-BD53-04BD3B739584}.Debug|Mixed Platforms.Deploy.0 = Debug|Xbox 360
		{6D27F8A9-A097-4912-BD53-04BD3B739584}.Debug|x86.ActiveCfg = Debug|Xbox 360
		{6D27F8A9-A097-4912-BD53-04BD3B739584}.Debug|x86.Build.0 = Debug|Xbox 360
		{6D27F8A9-A097-4912-BD53-04BD3B739584}.Debug|Xbox 360.ActiveCfg = Debug|Xbox 360
		{6D27F8A9-A097-4912-BD53-04BD3B739584}.Debug|Xbox 360.Build.0 = Debug|Xbox 360
		{6D27F8A9-A097-4912-BD53-04BD3B739584}.Debug|Xbox 360.Deploy.0 = Debug|Xbox 360
		{6D27F8A9-A097-4912-BD53-04BD3B739584}.Release|Mixed Platforms.ActiveCfg = Release|Xbox 360
		{6D27F8A9-A097-4912-BD53-04BD3B739584}.Release|Mixed Platforms.Build.0 = Release|Xbox 360
		{6D27F8A9-A097-4912-BD53-04BD3B739584}.Release|Mixed Platforms.Deploy.0 = Release|Xbox 360
		{6D27F8A9-A097-4912-BD53-04BD3B739584}.Release|x86.ActiveCfg = Release|Xbox 360
		{6D27F8A9-A097-4912-BD53-04BD3B739584}.Release|x86.Build.0 = Release|Xbox 360
		{6D27F8A9-A097-4912-BD53-04BD3B739584}.Release|Xbox 360.ActiveCfg = Release|Xbox 360
		{6D27F8A9-A097-4912-BD53-04BD3B739584}.Release|Xbox 360.Build.0 = Release|Xbox 360
		{6D27F8A9-A097-4912-BD53-04BD3B739584}.Release|Xbox 360.Deploy.0 = Release|Xbox 360
		{AFD27F02-EB50-48B7-8DAE-B7D1BC6AEBA4}.Debug|Mixed Platforms.ActiveCfg = Debug|Xbox 360
		{AFD27F02-EB50-48B7-8DAE-B7D1BC6AEBA4}.Debug|x86.ActiveCfg = Debug|Xbox 360
		{AFD27F02-EB50-48B7-8DAE-B7D1BC6AEBA4}.Debug|Xbox 360.ActiveCfg = Debug|Xbox 360
		{AFD27F02-EB50-48B7-8DAE-B7D1BC6AEBA4}.Release|Mixed Platforms.ActiveCfg = Release|Xbox 360
		{AFD27F02-EB50-48B7-8DAE-B7D1BC6AEBA4}.Release|x86.ActiveCfg = Release|Xbox 360
		{AFD27F02-EB50-48B7-8DAE-B7D1BC6AEBA4}.Release|Xbox 360.ActiveCfg = Release|Xbox 360
		{88512423-55AA-4EEA-8F0B-844C7E9E5DEB}.Debug|Mixed Platforms.ActiveCfg = Debug|x86
		{88512423-55AA-4EEA-8F0B-844C7E9E5DEB}.Debug|Mixed Platforms.Build.0 = Debug|x86
		{88512423-55AA-4EEA-8F0B-844C7E9E5DEB}.Debug|x86.ActiveCfg = Debug|x86
		{88512423-55AA-4EEA-8F0B-844C7E9E5DEB}.Debug|x86.Build.0 = Debug|x86
		{88512423-55AA-4EEA-8F0B-844C7E9E5DEB}.Debug|Xbox 360.ActiveCfg = Debug|x86
		{88512423-55AA-4EEA-8F0B-844C7E9E5DEB}.Debug|Xbox 360.Build.0 = Debug|x86
		{88512423-55AA-4EEA-8F0B-844C7E9E5DEB}.Release|Mixed Platforms.ActiveCfg = Release|x86
		{88512423-55AA-4EEA-8F0B-844C7E9E5DEB}.Release|Mixed Platforms.Build.0 = Release|x86
		{88512423-55AA-4EEA-8F0B-844C7E9E5DEB}.Release|x86.ActiveCfg = Release|x86
		{88512423-55AA-4EEA-8F0B-844C7E9E5DEB}.Release|x86.Build.0 = Release|x86
		{88512423-55AA-4EEA-8F0B-844C7E9E5DEB}.Release|Xbox 360.ActiveCfg = Release|x86
		{88512423-55AA-4EEA-8F0B-844C7E9E5DEB}.Release|Xbox 360.Build.0 = Release|x86
		{9C19B860-D2F8-4BBF-B1AC-89CB6A1205A9}.Debug|Mixed Platforms.ActiveCfg = Debug|x86
		{9C19B860-D2F8-4BBF-B1AC-89CB6A1205A9}.Debug|Mixed Platforms.Build.0 = Debug|x86
		{9C19B860-D2F8-4BBF-B1AC-89CB6A1205A9}.Debug|x86.ActiveCfg = Debug|x86
		{9C19B860-D2F8-4BBF-B1AC-89CB6A1205A9}.Debug|x86.Build.0 = Debug|x86
		{9C19B860-D2F8-4BBF-B1AC-89CB6A1205A9}.Debug|Xbox 360.ActiveCfg = Debug|x86
		{9C19B860-D2F8-4BBF-B1AC-89CB6A1205A9}.Release|Mixed Platforms.ActiveCfg = Release|x86
		{9C19B860-D2F8-4BBF-B1AC-89CB6A1205A9}.Release|Mixed Platforms.Build.0 = Release|x86
		{9C19B860-D2F8-4BBF-B1AC-89CB6A1205A9}.Release|x86.ActiveCfg = Release|x86
		{9C19B860-D2F8-4BBF-B1AC-89CB6A1205A9}.Release|x86.Build.0 = Release|x86
		{9C19B860-D2F8-4BBF-B1AC-89CB6A1205A9}.Release|Xbox 360.ActiveCfg = Release|x86
		{9EE287E9-5FB8-49D0-B8AD-D2D29D8FD15D}.Debug|Mixed Platforms.ActiveCfg = Debug|Xbox 360
		{9EE287E9-5FB8-49D0-B8AD-D2D29D8FD15D}.Debug|Mixed Platforms.Build.0 = Debug|Xbox 360
		{9EE287E9-5FB8-49D0-B8AD-D2D29D8FD15D}.Debug|x86.ActiveCfg = Debug|Xbox 360
		{9EE287E9-5FB8-49D0-B8AD-D2D29D8FD15D}.Debug|x86.Build.0 = Debug|Xbox 360
		{9EE287E9-5FB8-49D0-B8AD-D2D29D8FD15D}.Debug|Xbox 360.ActiveCfg = Debug|Xbox 360
		{9EE287E9-5FB8-49D0-B8AD-D2D29D8FD15D}.Debug|Xbox 360.Build.0 = Debug|Xbox 360
		{9EE287E9-5FB8-49D0-B8AD-D2D29D8FD15D}.Release|Mixed Platforms.ActiveCfg = Release|Xbox 360
		{9EE287E9-5FB8-49D0-B8AD-D2D29D8FD15D}.Release|Mixed Platforms.Build.0 = Release|Xbox 360
		{9EE287E9-5FB8-49D0-B8AD-D2D29D8FD15D}.Release|x86.ActiveCfg = Release|Xbox 360
		{9EE287E9-5FB8-49D0-B8AD-D2D29D8FD15D}.Release|x86.Build.0 = Release|Xbox 360
		{9EE287E9-5FB8-49D0-B8AD-D2D29D8FD15D}.Release|Xbox 360.ActiveCfg = Release|Xbox 360
		{9EE287E9-5FB8-49D0-B8AD-D2D29D8FD15D}.Release|Xbox 360.Build.0 = Release|Xbox 360
	EndGlobalSection
	GlobalSection(SolutionProperties) = preSolution
		HideSolutionNode = FALSE
	EndGlobalSection
EndGlobal
